{
    "name": "bgoonz-blog",
    "version": "1.11.5",
    "lockfileVersion": 1,
    "requires": true,
    "dependencies": {
        "child-process": {
            "version": "1.0.2",
            "resolved": "https://registry.npmjs.org/child-process/-/child-process-1.0.2.tgz",
            "integrity": "sha512-e45+JmjvkV2XQsJ9rUJghiYJ7/9Uk8fyYi1UwfP071VmGKBu/oD1OIwuD0+jSwjMtQkV0a0FVpPTEW+XGlbSdw=="
        }
    }
}
